
Microsoft Visual Studio Solution File, Format Version 12.00
# Visual Studio Version 16
VisualStudioVersion = 16.0.32602.291
MinimumVisualStudioVersion = 10.0.40219.1
Project("{FAE04EC0-301F-11D3-BF4B-00C04F79EFBC}") = "Consolwww", "Consolwww.csproj", "{861AC1A1-42B5-4D32-A479-63C4D5E581A8}"
EndProject
Global
	GlobalSection(SolutionConfigurationPlatforms) = preSolution
		Debug|Any CPU = Debug|Any CPU
		Release|Any CPU = Release|Any CPU
	EndGlobalSection
	GlobalSection(ProjectConfigurationPlatforms) = postSolution
		{861AC1A1-42B5-4D32-A479-63C4D5E581A8}.Debug|Any CPU.ActiveCfg = Debug|Any CPU
		{861AC1A1-42B5-4D32-A479-63C4D5E581A8}.Debug|Any CPU.Build.0 = Debug|Any CPU
		{861AC1A1-42B5-4D32-A479-63C4D5E581A8}.Release|Any CPU.ActiveCfg = Release|Any CPU
		{861AC1A1-42B5-4D32-A479-63C4D5E581A8}.Release|Any CPU.Build.0 = Release|Any CPU
	EndGlobalSection
	GlobalSection(SolutionProperties) = preSolution
		HideSolutionNode = FALSE
	EndGlobalSection
	GlobalSection(ExtensibilityGlobals) = postSolution
		SolutionGuid = {B3F6EFBF-0296-484C-BBA7-2563D9B662B8}
	EndGlobalSection
EndGlobal
